{
  "name": "artghos",
  "version": "1.2.8",
  "lockfileVersion": 3,
  "requires": true,
  "packages": {
    "": {
      "name": "artghos",
      "version": "1.2.8",
      "license": "ISC",
      "dependencies": {
        "artghos": "^1.2.8"
      },
      "bin": {
        "artghos": "index.js"
      }
    },
    "node_modules/artghos": {
      "version": "1.2.8",
      "resolved": "https://registry.npmjs.org/artghos/-/artghos-1.2.8.tgz",
      "integrity": "sha512-c4xwKHp8TlfkPHNFd9rKlLxFk1tY4LRHWqDsD9W7t2pklUQ9s2lzI3nv+KYUjPPoo8wrUbHbJfdOdhGuAhOTfA==",
      "license": "ISC",
      "bin": {
        "artghos": "index.js"
      }
    }
  }
}
